
Microsoft Visual Studio Solution File, Format Version 12.00
Project("{FAE04EC0-301F-11D3-BF4B-00C04F79EFBC}") = "ConvertSortedArraytoBinarySearchTree", "ConvertSortedArraytoBinarySearchTree\ConvertSortedArraytoBinarySearchTree.csproj", "{DB54239C-209B-444D-96BB-4D8C4713AE09}"
EndProject
Global
	GlobalSection(SolutionConfigurationPlatforms) = preSolution
		Debug|Any CPU = Debug|Any CPU
		Release|Any CPU = Release|Any CPU
	EndGlobalSection
	GlobalSection(ProjectConfigurationPlatforms) = postSolution
		{DB54239C-209B-444D-96BB-4D8C4713AE09}.Debug|Any CPU.ActiveCfg = Debug|Any CPU
		{DB54239C-209B-444D-96BB-4D8C4713AE09}.Debug|Any CPU.Build.0 = Debug|Any CPU
		{DB54239C-209B-444D-96BB-4D8C4713AE09}.Release|Any CPU.ActiveCfg = Release|Any CPU
		{DB54239C-209B-444D-96BB-4D8C4713AE09}.Release|Any CPU.Build.0 = Release|Any CPU
	EndGlobalSection
EndGlobal
