
Microsoft Visual Studio Solution File, Format Version 12.00
Project("{FAE04EC0-301F-11D3-BF4B-00C04F79EFBC}") = "SearchInsertPosition", "SearchInsertPosition\SearchInsertPosition.csproj", "{3E66130A-F14E-4625-ACEA-22E7AFE7E105}"
EndProject
Global
	GlobalSection(SolutionConfigurationPlatforms) = preSolution
		Debug|Any CPU = Debug|Any CPU
		Release|Any CPU = Release|Any CPU
	EndGlobalSection
	GlobalSection(ProjectConfigurationPlatforms) = postSolution
		{3E66130A-F14E-4625-ACEA-22E7AFE7E105}.Debug|Any CPU.ActiveCfg = Debug|Any CPU
		{3E66130A-F14E-4625-ACEA-22E7AFE7E105}.Debug|Any CPU.Build.0 = Debug|Any CPU
		{3E66130A-F14E-4625-ACEA-22E7AFE7E105}.Release|Any CPU.ActiveCfg = Release|Any CPU
		{3E66130A-F14E-4625-ACEA-22E7AFE7E105}.Release|Any CPU.Build.0 = Release|Any CPU
	EndGlobalSection
EndGlobal
