
Microsoft Visual Studio Solution File, Format Version 12.00
Project("{FAE04EC0-301F-11D3-BF4B-00C04F79EFBC}") = "Plus One In Array", "Plus One In Array\Plus One In Array.csproj", "{3B5E81EF-4FBB-46AE-A580-6CAA0CE3E785}"
EndProject
Global
	GlobalSection(SolutionConfigurationPlatforms) = preSolution
		Debug|Any CPU = Debug|Any CPU
		Release|Any CPU = Release|Any CPU
	EndGlobalSection
	GlobalSection(ProjectConfigurationPlatforms) = postSolution
		{3B5E81EF-4FBB-46AE-A580-6CAA0CE3E785}.Debug|Any CPU.ActiveCfg = Debug|Any CPU
		{3B5E81EF-4FBB-46AE-A580-6CAA0CE3E785}.Debug|Any CPU.Build.0 = Debug|Any CPU
		{3B5E81EF-4FBB-46AE-A580-6CAA0CE3E785}.Release|Any CPU.ActiveCfg = Release|Any CPU
		{3B5E81EF-4FBB-46AE-A580-6CAA0CE3E785}.Release|Any CPU.Build.0 = Release|Any CPU
	EndGlobalSection
EndGlobal
